# THIS IS AN AUTOGENERATED FILE. DO NOT EDIT THIS FILE DIRECTLY.
# yarn lockfile v1


"@redux-saga/types@^1.1.0":
  version "1.1.0"
  resolved "https://registry.yarnpkg.com/@redux-saga/types/-/types-1.1.0.tgz#0e81ce56b4883b4b2a3001ebe1ab298b84237204"
  integrity sha512-afmTuJrylUU/0OtqzaRkbyYFFNgCF73Bvel/sw90pvGrWIZ+vyoIJqA6eMSoA6+nb443kTmulmBtC9NerXboNg==

"@types/lodash@^4.14.151":
  version "4.14.153"
  resolved "https://registry.yarnpkg.com/@types/lodash/-/lodash-4.14.153.tgz#5cb7dded0649f1df97938ac5ffc4f134e9e9df98"
  integrity sha512-lYniGRiRfZf2gGAR9cfRC3Pi5+Q1ziJCKqPmjZocigrSJUVPWf7st1BtSJ8JOeK0FLXVndQ1IjUjTco9CXGo/Q==

lodash@^4.17.15:
  version "4.17.15"
  resolved "https://registry.yarnpkg.com/lodash/-/lodash-4.17.15.tgz#b447f6670a0455bbfeedd11392eff330ea097548"
  integrity sha512-8xOcRHvCjnocdS5cpwXQXVzmmh5e5+saE2QGoeQmbKmRS6J3VQppPOIt0MnmE+4xlZoumy0GPG0D0MVIQbNA1A==

vuex@3.x.x:
  version "3.4.0"
  resolved "https://registry.yarnpkg.com/vuex/-/vuex-3.4.0.tgz#20cc086062d750769fce1febb34e7fceeaebde45"
  integrity sha512-ajtqwEW/QhnrBZQsZxCLHThZZaa+Db45c92Asf46ZDXu6uHXgbfVuBaJ4gzD2r4UX0oMJHstFwd2r2HM4l8umg==
